
Microsoft Visual Studio Solution File, Format Version 12.00
# Visual Studio 15
VisualStudioVersion = 15.0.27004.2005
MinimumVisualStudioVersion = 10.0.40219.1
Project("{FAE04EC0-301F-11D3-BF4B-00C04F79EFBC}") = "Bubble_Sort", "Bubble_Sort\Bubble_Sort.csproj", "{F36000B0-B25F-42B5-8E88-924C524E3662}"
EndProject
Global
	GlobalSection(SolutionConfigurationPlatforms) = preSolution
		Debug|Any CPU = Debug|Any CPU
		Release|Any CPU = Release|Any CPU
	EndGlobalSection
	GlobalSection(ProjectConfigurationPlatforms) = postSolution
		{F36000B0-B25F-42B5-8E88-924C524E3662}.Debug|Any CPU.ActiveCfg = Debug|Any CPU
		{F36000B0-B25F-42B5-8E88-924C524E3662}.Debug|Any CPU.Build.0 = Debug|Any CPU
		{F36000B0-B25F-42B5-8E88-924C524E3662}.Release|Any CPU.ActiveCfg = Release|Any CPU
		{F36000B0-B25F-42B5-8E88-924C524E3662}.Release|Any CPU.Build.0 = Release|Any CPU
	EndGlobalSection
	GlobalSection(SolutionProperties) = preSolution
		HideSolutionNode = FALSE
	EndGlobalSection
	GlobalSection(ExtensibilityGlobals) = postSolution
		SolutionGuid = {41D0EC53-8CAE-40F8-A02A-89826FF52ED7}
	EndGlobalSection
EndGlobal
